
Microsoft Visual Studio Solution File, Format Version 12.00
# Visual Studio Version 17
VisualStudioVersion = 17.5.33516.290
MinimumVisualStudioVersion = 10.0.40219.1
Project("{2150E333-8FDC-42A3-9474-1A3956D46DE8}") = "Solution Items", "Solution Items", "{9264D698-350F-4666-9748-8F87DAE76EF8}"
	ProjectSection(SolutionItems) = preProject
		ATTRIBUTIONS.txt = ATTRIBUTIONS.txt
		azure.azrm.json = azure.azrm.json
		Directory.Build.props = Directory.Build.props
		Download-NuGetLicenses.ps1 = Download-NuGetLicenses.ps1
		global.json = global.json
		GlobalSuppressions.cs = GlobalSuppressions.cs
		LocalSettings.Development.json = LocalSettings.Development.json
		LocalSettings.Test.json = LocalSettings.Test.json
		README.md = README.md
		stylecop.json = stylecop.json
		TestsSuppressions.cs = TestsSuppressions.cs
	EndProjectSection
EndProject
Project("{9A19103F-16F7-4668-BE54-9A1E7A4F7556}") = "NV.Templates.Backend.Core", "NV.Templates.Backend.Core\NV.Templates.Backend.Core.csproj", "{41C23CBD-8BD5-483A-A53B-3BD2FB3713B6}"
EndProject
Project("{9A19103F-16F7-4668-BE54-9A1E7A4F7556}") = "NV.Templates.Backend.Core.Tests", "NV.Templates.Backend.Core.Tests\NV.Templates.Backend.Core.Tests.csproj", "{B39E4F15-348E-465A-AAE6-9BD7E02390B6}"
EndProject
Project("{9A19103F-16F7-4668-BE54-9A1E7A4F7556}") = "NV.Templates.Backend.Web", "NV.Templates.Backend.Web\NV.Templates.Backend.Web.csproj", "{77F4A398-28A7-441C-8291-236165247546}"
EndProject
Project("{9A19103F-16F7-4668-BE54-9A1E7A4F7556}") = "NV.Templates.Backend.Web.Tests", "NV.Templates.Backend.Web.Tests\NV.Templates.Backend.Web.Tests.csproj", "{4D41B093-40A5-41AA-BBE7-CC3F10C12D6D}"
EndProject
Project("{9A19103F-16F7-4668-BE54-9A1E7A4F7556}") = "NV.Templates.Backend.Functions", "NV.Templates.Backend.Functions\NV.Templates.Backend.Functions.csproj", "{6DD30259-57CD-4AC7-B7E8-CD5DF77EE3BB}"
EndProject
Project("{9A19103F-16F7-4668-BE54-9A1E7A4F7556}") = "NV.Templates.Backend.Functions.Tests", "NV.Templates.Backend.Functions.Tests\NV.Templates.Backend.Functions.Tests.csproj", "{29D08283-947D-4E35-96E9-243BC3F31028}"
EndProject
Project("{9A19103F-16F7-4668-BE54-9A1E7A4F7556}") = "NV.Templates.Backend.Console", "NV.Templates.Backend.Console\NV.Templates.Backend.Console.csproj", "{DFDE329D-32A8-4F49-8ED5-874F7B3D2796}"
EndProject
Project("{9A19103F-16F7-4668-BE54-9A1E7A4F7556}") = "NV.Templates.Backend.Console.Tests", "NV.Templates.Backend.Console.Tests\NV.Templates.Backend.Console.Tests.csproj", "{F71E83E8-6DEB-4EBE-9A7C-89AFB240E79C}"
EndProject
Project("{D954291E-2A0B-460D-934E-DC6B0785DB48}") = "NV.Templates.Backend.Resources", "NV.Templates.Backend.Resources\NV.Templates.Backend.Resources.shproj", "{2D1EC19A-F716-4FD7-ADC5-BF56173749DC}"
EndProject
Global
	GlobalSection(SolutionConfigurationPlatforms) = preSolution
		Debug|Any CPU = Debug|Any CPU
		Release|Any CPU = Release|Any CPU
	EndGlobalSection
	GlobalSection(ProjectConfigurationPlatforms) = postSolution
		{41C23CBD-8BD5-483A-A53B-3BD2FB3713B6}.Debug|Any CPU.ActiveCfg = Debug|Any CPU
		{41C23CBD-8BD5-483A-A53B-3BD2FB3713B6}.Debug|Any CPU.Build.0 = Debug|Any CPU
		{41C23CBD-8BD5-483A-A53B-3BD2FB3713B6}.Release|Any CPU.ActiveCfg = Release|Any CPU
		{41C23CBD-8BD5-483A-A53B-3BD2FB3713B6}.Release|Any CPU.Build.0 = Release|Any CPU
		{B39E4F15-348E-465A-AAE6-9BD7E02390B6}.Debug|Any CPU.ActiveCfg = Debug|Any CPU
		{B39E4F15-348E-465A-AAE6-9BD7E02390B6}.Debug|Any CPU.Build.0 = Debug|Any CPU
		{B39E4F15-348E-465A-AAE6-9BD7E02390B6}.Release|Any CPU.ActiveCfg = Release|Any CPU
		{B39E4F15-348E-465A-AAE6-9BD7E02390B6}.Release|Any CPU.Build.0 = Release|Any CPU
		{77F4A398-28A7-441C-8291-236165247546}.Debug|Any CPU.ActiveCfg = Debug|Any CPU
		{77F4A398-28A7-441C-8291-236165247546}.Debug|Any CPU.Build.0 = Debug|Any CPU
		{77F4A398-28A7-441C-8291-236165247546}.Release|Any CPU.ActiveCfg = Release|Any CPU
		{77F4A398-28A7-441C-8291-236165247546}.Release|Any CPU.Build.0 = Release|Any CPU
		{4D41B093-40A5-41AA-BBE7-CC3F10C12D6D}.Debug|Any CPU.ActiveCfg = Debug|Any CPU
		{4D41B093-40A5-41AA-BBE7-CC3F10C12D6D}.Debug|Any CPU.Build.0 = Debug|Any CPU
		{4D41B093-40A5-41AA-BBE7-CC3F10C12D6D}.Release|Any CPU.ActiveCfg = Release|Any CPU
		{4D41B093-40A5-41AA-BBE7-CC3F10C12D6D}.Release|Any CPU.Build.0 = Release|Any CPU
		{6DD30259-57CD-4AC7-B7E8-CD5DF77EE3BB}.Debug|Any CPU.ActiveCfg = Debug|Any CPU
		{6DD30259-57CD-4AC7-B7E8-CD5DF77EE3BB}.Debug|Any CPU.Build.0 = Debug|Any CPU
		{6DD30259-57CD-4AC7-B7E8-CD5DF77EE3BB}.Release|Any CPU.ActiveCfg = Release|Any CPU
		{6DD30259-57CD-4AC7-B7E8-CD5DF77EE3BB}.Release|Any CPU.Build.0 = Release|Any CPU
		{29D08283-947D-4E35-96E9-243BC3F31028}.Debug|Any CPU.ActiveCfg = Debug|Any CPU
		{29D08283-947D-4E35-96E9-243BC3F31028}.Debug|Any CPU.Build.0 = Debug|Any CPU
		{29D08283-947D-4E35-96E9-243BC3F31028}.Release|Any CPU.ActiveCfg = Release|Any CPU
		{29D08283-947D-4E35-96E9-243BC3F31028}.Release|Any CPU.Build.0 = Release|Any CPU
		{DFDE329D-32A8-4F49-8ED5-874F7B3D2796}.Debug|Any CPU.ActiveCfg = Debug|Any CPU
		{DFDE329D-32A8-4F49-8ED5-874F7B3D2796}.Debug|Any CPU.Build.0 = Debug|Any CPU
		{DFDE329D-32A8-4F49-8ED5-874F7B3D2796}.Release|Any CPU.ActiveCfg = Release|Any CPU
		{DFDE329D-32A8-4F49-8ED5-874F7B3D2796}.Release|Any CPU.Build.0 = Release|Any CPU
		{F71E83E8-6DEB-4EBE-9A7C-89AFB240E79C}.Debug|Any CPU.ActiveCfg = Debug|Any CPU
		{F71E83E8-6DEB-4EBE-9A7C-89AFB240E79C}.Debug|Any CPU.Build.0 = Debug|Any CPU
		{F71E83E8-6DEB-4EBE-9A7C-89AFB240E79C}.Release|Any CPU.ActiveCfg = Release|Any CPU
		{F71E83E8-6DEB-4EBE-9A7C-89AFB240E79C}.Release|Any CPU.Build.0 = Release|Any CPU
	EndGlobalSection
	GlobalSection(SolutionProperties) = preSolution
		HideSolutionNode = FALSE
	EndGlobalSection
	GlobalSection(ExtensibilityGlobals) = postSolution
		SolutionGuid = {FA4D08A3-324A-4968-A284-BB7092F462EA}
	EndGlobalSection
	GlobalSection(SharedMSBuildProjectFiles) = preSolution
		NV.Templates.Backend.Resources\NV.Templates.Resources.projitems*{2d1ec19a-f716-4fd7-adc5-bf56173749dc}*SharedItemsImports = 13
		NV.Templates.Backend.Resources\NV.Templates.Resources.projitems*{41c23cbd-8bd5-483a-a53b-3bd2fb3713b6}*SharedItemsImports = 5
	EndGlobalSection
EndGlobal
